{
  "name": "siblings",
  "lockfileVersion": 2,
  "requires": true,
  "packages": {
    "": {
      "dependencies": {
        "infinitesibling": "^1.8.3"
      }
    },
    "node_modules/infinitesibling": {
      "version": "1.8.7",
      "resolved": "https://registry.npmjs.org/infinitesibling/-/infinitesibling-1.8.7.tgz",
      "integrity": "sha512-UGtnFBRuV6ZwER4m82uh5BkUDcy7pHO9BEa2oPobt8+gptFCo0dWkUC7sdZ2GIoZPsw5E3ZLdR6k/3lkZw52BQ=="
    }
  },
  "dependencies": {
    "infinitesibling": {
      "version": "1.8.7",
      "resolved": "https://registry.npmjs.org/infinitesibling/-/infinitesibling-1.8.7.tgz",
      "integrity": "sha512-UGtnFBRuV6ZwER4m82uh5BkUDcy7pHO9BEa2oPobt8+gptFCo0dWkUC7sdZ2GIoZPsw5E3ZLdR6k/3lkZw52BQ=="
    }
  }
}
