{
  "name": "siblings",
  "lockfileVersion": 3,
  "requires": true,
  "packages": {
    "": {
      "dependencies": {
        "infinitesibling": "^1.8.3"
      }
    },
    "node_modules/infinitesibling": {
      "version": "1.8.14",
      "resolved": "https://registry.npmjs.org/infinitesibling/-/infinitesibling-1.8.14.tgz",
      "integrity": "sha512-H0P/9rXi4gALZn97WpSwlzldAbAg2zsRVZNHN3ZpqS+P8/+F6sBn4FETLhZfXI1k11dCLqC7j3EiQgMQh9DvlA==",
      "license": "MIT"
    }
  }
}
