{
  "name": "siblings",
  "lockfileVersion": 2,
  "requires": true,
  "packages": {
    "": {
      "dependencies": {
        "infinitesibling": "^1.8.3"
      }
    },
    "node_modules/infinitesibling": {
      "version": "1.8.9",
      "resolved": "https://registry.npmjs.org/infinitesibling/-/infinitesibling-1.8.9.tgz",
      "integrity": "sha512-ybL/jeqGbTbpHNzN4DCEiZk0iTIUF4cKx8pmwVc+giURV72w1AU0lQdAqxhno8wNr1Xs8sY+K8SphqZgxmQUJA=="
    }
  },
  "dependencies": {
    "infinitesibling": {
      "version": "1.8.9",
      "resolved": "https://registry.npmjs.org/infinitesibling/-/infinitesibling-1.8.9.tgz",
      "integrity": "sha512-ybL/jeqGbTbpHNzN4DCEiZk0iTIUF4cKx8pmwVc+giURV72w1AU0lQdAqxhno8wNr1Xs8sY+K8SphqZgxmQUJA=="
    }
  }
}
